
Microsoft Visual Studio Solution File, Format Version 12.00
# Visual Studio Version 17
VisualStudioVersion = 17.13.35919.96 d17.13
MinimumVisualStudioVersion = 10.0.40219.1
Project("{FAE04EC0-301F-11D3-BF4B-00C04F79EFBC}") = "PublicationApi", "PublicationApi.csproj", "{EEAE0DD9-5E2D-448F-8513-EE5D5DFBA3AF}"
EndProject
Global
	GlobalSection(SolutionConfigurationPlatforms) = preSolution
		Debug|Any CPU = Debug|Any CPU
		Release|Any CPU = Release|Any CPU
	EndGlobalSection
	GlobalSection(ProjectConfigurationPlatforms) = postSolution
		{EEAE0DD9-5E2D-448F-8513-EE5D5DFBA3AF}.Debug|Any CPU.ActiveCfg = Debug|Any CPU
		{EEAE0DD9-5E2D-448F-8513-EE5D5DFBA3AF}.Debug|Any CPU.Build.0 = Debug|Any CPU
		{EEAE0DD9-5E2D-448F-8513-EE5D5DFBA3AF}.Release|Any CPU.ActiveCfg = Release|Any CPU
		{EEAE0DD9-5E2D-448F-8513-EE5D5DFBA3AF}.Release|Any CPU.Build.0 = Release|Any CPU
	EndGlobalSection
	GlobalSection(SolutionProperties) = preSolution
		HideSolutionNode = FALSE
	EndGlobalSection
	GlobalSection(ExtensibilityGlobals) = postSolution
		SolutionGuid = {E51A7C94-F528-47BB-97C9-00BDB5EF0CEA}
	EndGlobalSection
EndGlobal
